
Microsoft Visual Studio Solution File, Format Version 12.00
# Visual Studio 15
Project("{FAE04EC0-301F-11D3-BF4B-00C04F79EFBC}") = "Translator", "Translator.csproj", "{79A8FEF3-5951-6240-A4DD-B0C48E235521}"
EndProject
Global
	GlobalSection(SolutionConfigurationPlatforms) = preSolution
		Debug|Any CPU = Debug|Any CPU
		Release|Any CPU = Release|Any CPU
	EndGlobalSection
	GlobalSection(ProjectConfigurationPlatforms) = postSolution
		{79A8FEF3-5951-6240-A4DD-B0C48E235521}.Debug|Any CPU.ActiveCfg = Debug|Any CPU
		{79A8FEF3-5951-6240-A4DD-B0C48E235521}.Debug|Any CPU.Build.0 = Debug|Any CPU
		{79A8FEF3-5951-6240-A4DD-B0C48E235521}.Release|Any CPU.ActiveCfg = Release|Any CPU
		{79A8FEF3-5951-6240-A4DD-B0C48E235521}.Release|Any CPU.Build.0 = Release|Any CPU
	EndGlobalSection
	GlobalSection(SolutionProperties) = preSolution
		HideSolutionNode = FALSE
	EndGlobalSection
EndGlobal
